{
  "nodes": {
    "home-manager": {
      "inputs": {
        "nixpkgs": "nixpkgs"
      },
      "locked": {
        "lastModified": 1689495092,
        "narHash": "sha256-yZu2j5FpLZEPhJQQutMCPTxa1VMigLPabLYvLTq6ASM=",
        "owner": "nix-community",
        "repo": "home-manager",
        "rev": "2f84579a70b8c74e5ebb37299a0c3ba279f09382",
        "type": "github"
      },
      "original": {
        "owner": "nix-community",
        "repo": "home-manager",
        "type": "github"
      }
    },
    "nixpkgs": {
      "locked": {
        "lastModified": 1689373857,
        "narHash": "sha256-mtBksyvhhT98Zsm9tYHuMKuLwUKDwv+BGTl6K5nOGhY=",
        "owner": "nixos",
        "repo": "nixpkgs",
        "rev": "dfdbcc428f365071f0ca3888f6ec8c25c3792885",
        "type": "github"
      },
      "original": {
        "owner": "nixos",
        "ref": "nixos-unstable",
        "repo": "nixpkgs",
        "type": "github"
      }
    },
    "nixpkgs_2": {
      "locked": {
        "lastModified": 1689567674,
        "narHash": "sha256-KH+QldKKas7PsUXwlZftDfWuonHz8fwGcT4b7ygYk/8=",
        "owner": "NixOS",
        "repo": "nixpkgs",
        "rev": "a8eaa43a38cd5e2e21268c5887da91a7cfc40637",
        "type": "github"
      },
      "original": {
        "owner": "NixOS",
        "repo": "nixpkgs",
        "type": "github"
      }
    },
    "root": {
      "inputs": {
        "home-manager": "home-manager",
        "nixpkgs": "nixpkgs_2"
      }
    }
  },
  "root": "root",
  "version": 7
}
